
Microsoft Visual Studio Solution File, Format Version 12.00
# Visual Studio Version 16
VisualStudioVersion = 16.0.31205.134
MinimumVisualStudioVersion = 10.0.40219.1
Project("{FAE04EC0-301F-11D3-BF4B-00C04F79EFBC}") = "Computer_Graphics_Lab_2", "Computer_Graphics_Lab_2\Computer_Graphics_Lab_2.csproj", "{95C3D064-C2BC-49D4-AB0A-31BB3D70291E}"
EndProject
Global
	GlobalSection(SolutionConfigurationPlatforms) = preSolution
		Debug|Any CPU = Debug|Any CPU
		Release|Any CPU = Release|Any CPU
	EndGlobalSection
	GlobalSection(ProjectConfigurationPlatforms) = postSolution
		{95C3D064-C2BC-49D4-AB0A-31BB3D70291E}.Debug|Any CPU.ActiveCfg = Debug|Any CPU
		{95C3D064-C2BC-49D4-AB0A-31BB3D70291E}.Debug|Any CPU.Build.0 = Debug|Any CPU
		{95C3D064-C2BC-49D4-AB0A-31BB3D70291E}.Release|Any CPU.ActiveCfg = Release|Any CPU
		{95C3D064-C2BC-49D4-AB0A-31BB3D70291E}.Release|Any CPU.Build.0 = Release|Any CPU
	EndGlobalSection
	GlobalSection(SolutionProperties) = preSolution
		HideSolutionNode = FALSE
	EndGlobalSection
	GlobalSection(ExtensibilityGlobals) = postSolution
		SolutionGuid = {699B0E8C-ED3D-44C5-9649-8060C43CE9A9}
	EndGlobalSection
EndGlobal
